
Microsoft Visual Studio Solution File, Format Version 12.00
# Visual Studio Version 17
VisualStudioVersion = 17.4.33213.308
MinimumVisualStudioVersion = 10.0.40219.1
Project("{FAE04EC0-301F-11D3-BF4B-00C04F79EFBC}") = "ConsoleApp1dotnetframework", "ConsoleApp1dotnetframework\ConsoleApp1dotnetframework.csproj", "{4A7A1292-D52B-4AC0-9DE0-05C39AD4AB40}"
EndProject
Global
	GlobalSection(SolutionConfigurationPlatforms) = preSolution
		Debug|Any CPU = Debug|Any CPU
		Release|Any CPU = Release|Any CPU
	EndGlobalSection
	GlobalSection(ProjectConfigurationPlatforms) = postSolution
		{4A7A1292-D52B-4AC0-9DE0-05C39AD4AB40}.Debug|Any CPU.ActiveCfg = Debug|Any CPU
		{4A7A1292-D52B-4AC0-9DE0-05C39AD4AB40}.Debug|Any CPU.Build.0 = Debug|Any CPU
		{4A7A1292-D52B-4AC0-9DE0-05C39AD4AB40}.Release|Any CPU.ActiveCfg = Release|Any CPU
		{4A7A1292-D52B-4AC0-9DE0-05C39AD4AB40}.Release|Any CPU.Build.0 = Release|Any CPU
	EndGlobalSection
	GlobalSection(SolutionProperties) = preSolution
		HideSolutionNode = FALSE
	EndGlobalSection
	GlobalSection(ExtensibilityGlobals) = postSolution
		SolutionGuid = {25B3F99D-CC5E-4D0A-9B39-F54A10E03DCB}
	EndGlobalSection
EndGlobal
